
Microsoft Visual Studio Solution File, Format Version 12.00
# Visual Studio Version 17
VisualStudioVersion = 17.14.37111.16
MinimumVisualStudioVersion = 10.0.40219.1
Project("{FAE04EC0-301F-11D3-BF4B-00C04F79EFBC}") = "BillIngredientSource", "BillIngredientSource\BillIngredientSource.csproj", "{835CD97F-2CC5-4DA9-82D0-1201B576FE32}"
EndProject
Project("{2150E333-8FDC-42A3-9474-1A3956D46DE8}") = "솔루션 항목", "솔루션 항목", "{2A3A057F-5D22-31FD-628C-DF5EF75AEF1E}"
	ProjectSection(SolutionItems) = preProject
		.gitignore = .gitignore
	EndProjectSection
EndProject
Project("{2150E333-8FDC-42A3-9474-1A3956D46DE8}") = "About", "About", "{C8D5274F-AC00-46C7-1F8D-E88E81087A52}"
	ProjectSection(SolutionItems) = preProject
		About\About.xml = About\About.xml
	EndProjectSection
EndProject
Project("{2150E333-8FDC-42A3-9474-1A3956D46DE8}") = "Assemblies", "Assemblies", "{556A41F1-5D4D-4BAA-BC0A-86065A499370}"
	ProjectSection(SolutionItems) = preProject
		Assemblies\BillIngredientSource.dll = Assemblies\BillIngredientSource.dll
	EndProjectSection
EndProject
Project("{2150E333-8FDC-42A3-9474-1A3956D46DE8}") = "Languages", "Languages", "{F7997A81-F398-4B19-A2E0-BE4C43B28BEF}"
EndProject
Project("{2150E333-8FDC-42A3-9474-1A3956D46DE8}") = "Korean", "Korean", "{BE2F738A-F419-4CC2-B22A-E99BF56444FB}"
EndProject
Project("{2150E333-8FDC-42A3-9474-1A3956D46DE8}") = "Keyed", "Keyed", "{758611E5-48AC-44A5-9F60-DBC70E0A970E}"
	ProjectSection(SolutionItems) = preProject
		Languages\Korean\Keyed\BillIngredientSource.xml = Languages\Korean\Keyed\BillIngredientSource.xml
	EndProjectSection
EndProject
Global
	GlobalSection(SolutionConfigurationPlatforms) = preSolution
		Debug|Any CPU = Debug|Any CPU
		Release|Any CPU = Release|Any CPU
	EndGlobalSection
	GlobalSection(ProjectConfigurationPlatforms) = postSolution
		{835CD97F-2CC5-4DA9-82D0-1201B576FE32}.Debug|Any CPU.ActiveCfg = Debug|Any CPU
		{835CD97F-2CC5-4DA9-82D0-1201B576FE32}.Debug|Any CPU.Build.0 = Debug|Any CPU
		{835CD97F-2CC5-4DA9-82D0-1201B576FE32}.Release|Any CPU.ActiveCfg = Release|Any CPU
		{835CD97F-2CC5-4DA9-82D0-1201B576FE32}.Release|Any CPU.Build.0 = Release|Any CPU
	EndGlobalSection
	GlobalSection(SolutionProperties) = preSolution
		HideSolutionNode = FALSE
	EndGlobalSection
	GlobalSection(NestedProjects) = preSolution
		{BE2F738A-F419-4CC2-B22A-E99BF56444FB} = {F7997A81-F398-4B19-A2E0-BE4C43B28BEF}
		{758611E5-48AC-44A5-9F60-DBC70E0A970E} = {BE2F738A-F419-4CC2-B22A-E99BF56444FB}
	EndGlobalSection
	GlobalSection(ExtensibilityGlobals) = postSolution
		SolutionGuid = {42FC11FA-85CA-4937-B5C6-AD9A21464410}
	EndGlobalSection
EndGlobal
